
Microsoft Visual Studio Solution File, Format Version 12.00
# Visual Studio Version 16
VisualStudioVersion = 16.0.29424.173
MinimumVisualStudioVersion = 10.0.40219.1
Project("{FAE04EC0-301F-11D3-BF4B-00C04F79EFBC}") = "BankAccount", "BankAccount\BankAccount.csproj", "{46A97E01-F013-4155-8B0D-B706544382A1}"
EndProject
Global
	GlobalSection(SolutionConfigurationPlatforms) = preSolution
		Debug|Any CPU = Debug|Any CPU
		Release|Any CPU = Release|Any CPU
	EndGlobalSection
	GlobalSection(ProjectConfigurationPlatforms) = postSolution
		{46A97E01-F013-4155-8B0D-B706544382A1}.Debug|Any CPU.ActiveCfg = Debug|Any CPU
		{46A97E01-F013-4155-8B0D-B706544382A1}.Debug|Any CPU.Build.0 = Debug|Any CPU
		{46A97E01-F013-4155-8B0D-B706544382A1}.Release|Any CPU.ActiveCfg = Release|Any CPU
		{46A97E01-F013-4155-8B0D-B706544382A1}.Release|Any CPU.Build.0 = Release|Any CPU
	EndGlobalSection
	GlobalSection(SolutionProperties) = preSolution
		HideSolutionNode = FALSE
	EndGlobalSection
	GlobalSection(ExtensibilityGlobals) = postSolution
		SolutionGuid = {CE56BE6A-28FC-4AC1-9F8B-09B755AA9FB2}
	EndGlobalSection
EndGlobal
